
Microsoft Visual Studio Solution File, Format Version 12.00
# Visual Studio Version 17
VisualStudioVersion = 17.1.32319.34
MinimumVisualStudioVersion = 10.0.40219.1
Project("{9A19103F-16F7-4668-BE54-9A1E7A4F7556}") = "Ejercicio I01 - Máximo, mínimo y promedio", "Ejercicio I01 - Máximo, mínimo y promedio\Ejercicio I01 - Máximo, mínimo y promedio.csproj", "{57703C48-7EAD-42A1-AD12-7589B087829A}"
EndProject
Project("{2150E333-8FDC-42A3-9474-1A3956D46DE8}") = "Introduccion Net Csharp", "Introduccion Net Csharp", "{E2E4CCC5-633B-4DAD-B629-958B210544EB}"
EndProject
Project("{9A19103F-16F7-4668-BE54-9A1E7A4F7556}") = "Ejercicio I02 - Error al cubo", "Ejercicio I02 - Error al cubo\Ejercicio I02 - Error al cubo.csproj", "{5A5A2B1C-849C-4257-80DC-DBD53E45A72D}"
EndProject
Project("{2150E333-8FDC-42A3-9474-1A3956D46DE8}") = "Clases y metodos estaticos", "Clases y metodos estaticos", "{9C146658-7BEC-43BB-A097-640D4D88954B}"
EndProject
Project("{FAE04EC0-301F-11D3-BF4B-00C04F79EFBC}") = "ValidarRangos", "ValidarRangos\ValidarRangos.csproj", "{60205D2A-C051-4587-AE8B-FDD6413DB86F}"
EndProject
Global
	GlobalSection(SolutionConfigurationPlatforms) = preSolution
		Debug|Any CPU = Debug|Any CPU
		Release|Any CPU = Release|Any CPU
	EndGlobalSection
	GlobalSection(ProjectConfigurationPlatforms) = postSolution
		{57703C48-7EAD-42A1-AD12-7589B087829A}.Debug|Any CPU.ActiveCfg = Debug|Any CPU
		{57703C48-7EAD-42A1-AD12-7589B087829A}.Debug|Any CPU.Build.0 = Debug|Any CPU
		{57703C48-7EAD-42A1-AD12-7589B087829A}.Release|Any CPU.ActiveCfg = Release|Any CPU
		{57703C48-7EAD-42A1-AD12-7589B087829A}.Release|Any CPU.Build.0 = Release|Any CPU
		{5A5A2B1C-849C-4257-80DC-DBD53E45A72D}.Debug|Any CPU.ActiveCfg = Debug|Any CPU
		{5A5A2B1C-849C-4257-80DC-DBD53E45A72D}.Debug|Any CPU.Build.0 = Debug|Any CPU
		{5A5A2B1C-849C-4257-80DC-DBD53E45A72D}.Release|Any CPU.ActiveCfg = Release|Any CPU
		{5A5A2B1C-849C-4257-80DC-DBD53E45A72D}.Release|Any CPU.Build.0 = Release|Any CPU
		{60205D2A-C051-4587-AE8B-FDD6413DB86F}.Debug|Any CPU.ActiveCfg = Debug|Any CPU
		{60205D2A-C051-4587-AE8B-FDD6413DB86F}.Debug|Any CPU.Build.0 = Debug|Any CPU
		{60205D2A-C051-4587-AE8B-FDD6413DB86F}.Release|Any CPU.ActiveCfg = Release|Any CPU
		{60205D2A-C051-4587-AE8B-FDD6413DB86F}.Release|Any CPU.Build.0 = Release|Any CPU
	EndGlobalSection
	GlobalSection(SolutionProperties) = preSolution
		HideSolutionNode = FALSE
	EndGlobalSection
	GlobalSection(NestedProjects) = preSolution
		{57703C48-7EAD-42A1-AD12-7589B087829A} = {E2E4CCC5-633B-4DAD-B629-958B210544EB}
		{5A5A2B1C-849C-4257-80DC-DBD53E45A72D} = {E2E4CCC5-633B-4DAD-B629-958B210544EB}
		{60205D2A-C051-4587-AE8B-FDD6413DB86F} = {9C146658-7BEC-43BB-A097-640D4D88954B}
	EndGlobalSection
	GlobalSection(ExtensibilityGlobals) = postSolution
		SolutionGuid = {771DCAB9-CB74-4AF9-AC6A-CCEE15B05DF3}
	EndGlobalSection
EndGlobal
