
Microsoft Visual Studio Solution File, Format Version 12.00
# Visual Studio Version 17
VisualStudioVersion = 17.1.32319.34
MinimumVisualStudioVersion = 10.0.40219.1
Project("{FAE04EC0-301F-11D3-BF4B-00C04F79EFBC}") = "Logica", "Logica\Logica.csproj", "{D97AD25F-FE00-40BF-9949-FD01BC24A9BC}"
EndProject
Project("{FAE04EC0-301F-11D3-BF4B-00C04F79EFBC}") = "Consola", "Consola\Consola.csproj", "{944E60E7-1A54-42D5-A6F2-EA08A4D173BE}"
EndProject
Global
	GlobalSection(SolutionConfigurationPlatforms) = preSolution
		Debug|Any CPU = Debug|Any CPU
		Release|Any CPU = Release|Any CPU
	EndGlobalSection
	GlobalSection(ProjectConfigurationPlatforms) = postSolution
		{D97AD25F-FE00-40BF-9949-FD01BC24A9BC}.Debug|Any CPU.ActiveCfg = Debug|Any CPU
		{D97AD25F-FE00-40BF-9949-FD01BC24A9BC}.Debug|Any CPU.Build.0 = Debug|Any CPU
		{D97AD25F-FE00-40BF-9949-FD01BC24A9BC}.Release|Any CPU.ActiveCfg = Release|Any CPU
		{D97AD25F-FE00-40BF-9949-FD01BC24A9BC}.Release|Any CPU.Build.0 = Release|Any CPU
		{944E60E7-1A54-42D5-A6F2-EA08A4D173BE}.Debug|Any CPU.ActiveCfg = Debug|Any CPU
		{944E60E7-1A54-42D5-A6F2-EA08A4D173BE}.Debug|Any CPU.Build.0 = Debug|Any CPU
		{944E60E7-1A54-42D5-A6F2-EA08A4D173BE}.Release|Any CPU.ActiveCfg = Release|Any CPU
		{944E60E7-1A54-42D5-A6F2-EA08A4D173BE}.Release|Any CPU.Build.0 = Release|Any CPU
	EndGlobalSection
	GlobalSection(SolutionProperties) = preSolution
		HideSolutionNode = FALSE
	EndGlobalSection
	GlobalSection(ExtensibilityGlobals) = postSolution
		SolutionGuid = {32B496B7-A669-40FA-BED1-6FA224742686}
	EndGlobalSection
EndGlobal
