
Microsoft Visual Studio Solution File, Format Version 12.00
# Visual Studio Version 17
VisualStudioVersion = 17.1.32319.34
MinimumVisualStudioVersion = 10.0.40219.1
Project("{FAE04EC0-301F-11D3-BF4B-00C04F79EFBC}") = "ListasConForms", "ListasConForms\ListasConForms.csproj", "{9A09528E-DF2E-4B2F-9DFA-A7FDBEF0A4BF}"
EndProject
Project("{FAE04EC0-301F-11D3-BF4B-00C04F79EFBC}") = "Logica", "Logica\Logica.csproj", "{D96D25D0-B371-4AE0-A2EA-A4E8A42C5195}"
EndProject
Global
	GlobalSection(SolutionConfigurationPlatforms) = preSolution
		Debug|Any CPU = Debug|Any CPU
		Release|Any CPU = Release|Any CPU
	EndGlobalSection
	GlobalSection(ProjectConfigurationPlatforms) = postSolution
		{9A09528E-DF2E-4B2F-9DFA-A7FDBEF0A4BF}.Debug|Any CPU.ActiveCfg = Debug|Any CPU
		{9A09528E-DF2E-4B2F-9DFA-A7FDBEF0A4BF}.Debug|Any CPU.Build.0 = Debug|Any CPU
		{9A09528E-DF2E-4B2F-9DFA-A7FDBEF0A4BF}.Release|Any CPU.ActiveCfg = Release|Any CPU
		{9A09528E-DF2E-4B2F-9DFA-A7FDBEF0A4BF}.Release|Any CPU.Build.0 = Release|Any CPU
		{D96D25D0-B371-4AE0-A2EA-A4E8A42C5195}.Debug|Any CPU.ActiveCfg = Debug|Any CPU
		{D96D25D0-B371-4AE0-A2EA-A4E8A42C5195}.Debug|Any CPU.Build.0 = Debug|Any CPU
		{D96D25D0-B371-4AE0-A2EA-A4E8A42C5195}.Release|Any CPU.ActiveCfg = Release|Any CPU
		{D96D25D0-B371-4AE0-A2EA-A4E8A42C5195}.Release|Any CPU.Build.0 = Release|Any CPU
	EndGlobalSection
	GlobalSection(SolutionProperties) = preSolution
		HideSolutionNode = FALSE
	EndGlobalSection
	GlobalSection(ExtensibilityGlobals) = postSolution
		SolutionGuid = {D3A3CD0A-C711-4410-960B-4F457ECC4D80}
	EndGlobalSection
EndGlobal
