
Microsoft Visual Studio Solution File, Format Version 12.00
# Visual Studio Version 17
VisualStudioVersion = 17.1.32319.34
MinimumVisualStudioVersion = 10.0.40219.1
Project("{FAE04EC0-301F-11D3-BF4B-00C04F79EFBC}") = "Invento argentino", "Invento argentino\Invento argentino.csproj", "{16BF6621-18A4-4B1C-909B-93B71A736289}"
EndProject
Project("{FAE04EC0-301F-11D3-BF4B-00C04F79EFBC}") = "Consola", "Consola\Consola.csproj", "{A07F8177-5B20-4161-AEFD-892150E6F0B2}"
EndProject
Global
	GlobalSection(SolutionConfigurationPlatforms) = preSolution
		Debug|Any CPU = Debug|Any CPU
		Release|Any CPU = Release|Any CPU
	EndGlobalSection
	GlobalSection(ProjectConfigurationPlatforms) = postSolution
		{16BF6621-18A4-4B1C-909B-93B71A736289}.Debug|Any CPU.ActiveCfg = Debug|Any CPU
		{16BF6621-18A4-4B1C-909B-93B71A736289}.Debug|Any CPU.Build.0 = Debug|Any CPU
		{16BF6621-18A4-4B1C-909B-93B71A736289}.Release|Any CPU.ActiveCfg = Release|Any CPU
		{16BF6621-18A4-4B1C-909B-93B71A736289}.Release|Any CPU.Build.0 = Release|Any CPU
		{A07F8177-5B20-4161-AEFD-892150E6F0B2}.Debug|Any CPU.ActiveCfg = Debug|Any CPU
		{A07F8177-5B20-4161-AEFD-892150E6F0B2}.Debug|Any CPU.Build.0 = Debug|Any CPU
		{A07F8177-5B20-4161-AEFD-892150E6F0B2}.Release|Any CPU.ActiveCfg = Release|Any CPU
		{A07F8177-5B20-4161-AEFD-892150E6F0B2}.Release|Any CPU.Build.0 = Release|Any CPU
	EndGlobalSection
	GlobalSection(SolutionProperties) = preSolution
		HideSolutionNode = FALSE
	EndGlobalSection
	GlobalSection(ExtensibilityGlobals) = postSolution
		SolutionGuid = {034C158B-029F-431B-827D-F0B424CD3774}
	EndGlobalSection
EndGlobal
