
Microsoft Visual Studio Solution File, Format Version 12.00
# Visual Studio Version 17
VisualStudioVersion = 17.1.32319.34
MinimumVisualStudioVersion = 10.0.40219.1
Project("{FAE04EC0-301F-11D3-BF4B-00C04F79EFBC}") = "El ejemplo universal", "El ejemplo universal\El ejemplo universal.csproj", "{D4500234-02BA-43C4-84BE-63B5A0A323AE}"
EndProject
Project("{FAE04EC0-301F-11D3-BF4B-00C04F79EFBC}") = "Logica", "Estudiante\Logica.csproj", "{608E8E6C-BFC4-4634-867E-CC7460BA609F}"
EndProject
Global
	GlobalSection(SolutionConfigurationPlatforms) = preSolution
		Debug|Any CPU = Debug|Any CPU
		Release|Any CPU = Release|Any CPU
	EndGlobalSection
	GlobalSection(ProjectConfigurationPlatforms) = postSolution
		{D4500234-02BA-43C4-84BE-63B5A0A323AE}.Debug|Any CPU.ActiveCfg = Debug|Any CPU
		{D4500234-02BA-43C4-84BE-63B5A0A323AE}.Debug|Any CPU.Build.0 = Debug|Any CPU
		{D4500234-02BA-43C4-84BE-63B5A0A323AE}.Release|Any CPU.ActiveCfg = Release|Any CPU
		{D4500234-02BA-43C4-84BE-63B5A0A323AE}.Release|Any CPU.Build.0 = Release|Any CPU
		{608E8E6C-BFC4-4634-867E-CC7460BA609F}.Debug|Any CPU.ActiveCfg = Debug|Any CPU
		{608E8E6C-BFC4-4634-867E-CC7460BA609F}.Debug|Any CPU.Build.0 = Debug|Any CPU
		{608E8E6C-BFC4-4634-867E-CC7460BA609F}.Release|Any CPU.ActiveCfg = Release|Any CPU
		{608E8E6C-BFC4-4634-867E-CC7460BA609F}.Release|Any CPU.Build.0 = Release|Any CPU
	EndGlobalSection
	GlobalSection(SolutionProperties) = preSolution
		HideSolutionNode = FALSE
	EndGlobalSection
	GlobalSection(ExtensibilityGlobals) = postSolution
		SolutionGuid = {CEB5C69E-DF96-4100-9ABC-49016882D9BF}
	EndGlobalSection
EndGlobal
