
Microsoft Visual Studio Solution File, Format Version 12.00
# Visual Studio Version 17
VisualStudioVersion = 17.1.32319.34
MinimumVisualStudioVersion = 10.0.40219.1
Project("{FAE04EC0-301F-11D3-BF4B-00C04F79EFBC}") = "Validador de rangos", "Validador de rangos\Validador de rangos.csproj", "{844B06E1-CE7B-423E-BB84-D33D43D0A22D}"
EndProject
Project("{FAE04EC0-301F-11D3-BF4B-00C04F79EFBC}") = "Logica", "Logica\Logica.csproj", "{19DD3F6E-9268-4B73-BF0E-DF56968B183D}"
EndProject
Global
	GlobalSection(SolutionConfigurationPlatforms) = preSolution
		Debug|Any CPU = Debug|Any CPU
		Release|Any CPU = Release|Any CPU
	EndGlobalSection
	GlobalSection(ProjectConfigurationPlatforms) = postSolution
		{844B06E1-CE7B-423E-BB84-D33D43D0A22D}.Debug|Any CPU.ActiveCfg = Debug|Any CPU
		{844B06E1-CE7B-423E-BB84-D33D43D0A22D}.Debug|Any CPU.Build.0 = Debug|Any CPU
		{844B06E1-CE7B-423E-BB84-D33D43D0A22D}.Release|Any CPU.ActiveCfg = Release|Any CPU
		{844B06E1-CE7B-423E-BB84-D33D43D0A22D}.Release|Any CPU.Build.0 = Release|Any CPU
		{19DD3F6E-9268-4B73-BF0E-DF56968B183D}.Debug|Any CPU.ActiveCfg = Debug|Any CPU
		{19DD3F6E-9268-4B73-BF0E-DF56968B183D}.Debug|Any CPU.Build.0 = Debug|Any CPU
		{19DD3F6E-9268-4B73-BF0E-DF56968B183D}.Release|Any CPU.ActiveCfg = Release|Any CPU
		{19DD3F6E-9268-4B73-BF0E-DF56968B183D}.Release|Any CPU.Build.0 = Release|Any CPU
	EndGlobalSection
	GlobalSection(SolutionProperties) = preSolution
		HideSolutionNode = FALSE
	EndGlobalSection
	GlobalSection(ExtensibilityGlobals) = postSolution
		SolutionGuid = {D8A43B36-768C-4160-AB8E-2FA1A4901840}
	EndGlobalSection
EndGlobal
