
Microsoft Visual Studio Solution File, Format Version 12.00
# Visual Studio Version 17
VisualStudioVersion = 17.1.32319.34
MinimumVisualStudioVersion = 10.0.40219.1
Project("{FAE04EC0-301F-11D3-BF4B-00C04F79EFBC}") = "WinFormsApp1", "WinFormsApp1\WinFormsApp1.csproj", "{D92AA3B6-04B6-4EA4-85ED-515DA25A8750}"
EndProject
Project("{FAE04EC0-301F-11D3-BF4B-00C04F79EFBC}") = "Logica", "Logica\Logica.csproj", "{8D69CCA8-7A8B-4FDE-8E88-8830969F9645}"
EndProject
Global
	GlobalSection(SolutionConfigurationPlatforms) = preSolution
		Debug|Any CPU = Debug|Any CPU
		Release|Any CPU = Release|Any CPU
	EndGlobalSection
	GlobalSection(ProjectConfigurationPlatforms) = postSolution
		{D92AA3B6-04B6-4EA4-85ED-515DA25A8750}.Debug|Any CPU.ActiveCfg = Debug|Any CPU
		{D92AA3B6-04B6-4EA4-85ED-515DA25A8750}.Debug|Any CPU.Build.0 = Debug|Any CPU
		{D92AA3B6-04B6-4EA4-85ED-515DA25A8750}.Release|Any CPU.ActiveCfg = Release|Any CPU
		{D92AA3B6-04B6-4EA4-85ED-515DA25A8750}.Release|Any CPU.Build.0 = Release|Any CPU
		{8D69CCA8-7A8B-4FDE-8E88-8830969F9645}.Debug|Any CPU.ActiveCfg = Debug|Any CPU
		{8D69CCA8-7A8B-4FDE-8E88-8830969F9645}.Debug|Any CPU.Build.0 = Debug|Any CPU
		{8D69CCA8-7A8B-4FDE-8E88-8830969F9645}.Release|Any CPU.ActiveCfg = Release|Any CPU
		{8D69CCA8-7A8B-4FDE-8E88-8830969F9645}.Release|Any CPU.Build.0 = Release|Any CPU
	EndGlobalSection
	GlobalSection(SolutionProperties) = preSolution
		HideSolutionNode = FALSE
	EndGlobalSection
	GlobalSection(ExtensibilityGlobals) = postSolution
		SolutionGuid = {6A78BE54-7EBF-45A6-B336-407514B0D1BE}
	EndGlobalSection
EndGlobal
